
Microsoft Visual Studio Solution File, Format Version 12.00
# Visual Studio Version 17
VisualStudioVersion = 17.4.33205.214
MinimumVisualStudioVersion = 10.0.40219.1
Project("{2150E333-8FDC-42A3-9474-1A3956D46DE8}") = "Solution Items", "Solution Items", "{53AB5346-AD81-4367-8B16-E460C2AD2592}"
	ProjectSection(SolutionItems) = preProject
		HomeStyle.css = HomeStyle.css
		HTMLPage1.html = HTMLPage1.html
		HTMLPage2.html = HTMLPage2.html
		Style.css = Style.css
	EndProjectSection
EndProject
Global
	GlobalSection(SolutionProperties) = preSolution
		HideSolutionNode = FALSE
	EndGlobalSection
	GlobalSection(ExtensibilityGlobals) = postSolution
		SolutionGuid = {B31E01D3-1CDD-41ED-B525-CF37B6DF72C6}
	EndGlobalSection
EndGlobal
