
Microsoft Visual Studio Solution File, Format Version 12.00
# Visual Studio Version 17
VisualStudioVersion = 17.4.33205.214
MinimumVisualStudioVersion = 10.0.40219.1
Project("{2150E333-8FDC-42A3-9474-1A3956D46DE8}") = "Solution Items", "Solution Items", "{0F9D66BF-87E6-4E2E-94CA-28DE72B6082E}"
	ProjectSection(SolutionItems) = preProject
		HTMLPage1-RAM.html = HTMLPage1-RAM.html
		HTMLPage2-Table.html = HTMLPage2-Table.html
		HTMLPage3-Ship.html = HTMLPage3-Ship.html
		HTMLPage4 - Mendeleev.html = HTMLPage4 - Mendeleev.html
		index.html = index.html
		Style.css = Style.css
		Style2.css = Style2.css
		StyleMendeleev.css = StyleMendeleev.css
	EndProjectSection
EndProject
Global
	GlobalSection(SolutionProperties) = preSolution
		HideSolutionNode = FALSE
	EndGlobalSection
	GlobalSection(ExtensibilityGlobals) = postSolution
		SolutionGuid = {66ED4EF2-92D2-465A-959A-CCAF3EAED905}
	EndGlobalSection
EndGlobal
